
Microsoft Visual Studio Solution File, Format Version 12.00
# Visual Studio Version 16
VisualStudioVersion = 16.0.31624.102
MinimumVisualStudioVersion = 10.0.40219.1
Project("{FAE04EC0-301F-11D3-BF4B-00C04F79EFBC}") = "TrackCircuitBackend", "TrackCircuitBackend\TrackCircuitBackend.csproj", "{0B7611CB-4EE3-4ACB-AC3F-99B44B4051D7}"
EndProject
Global
	GlobalSection(SolutionConfigurationPlatforms) = preSolution
		Debug|Any CPU = Debug|Any CPU
		Release|Any CPU = Release|Any CPU
	EndGlobalSection
	GlobalSection(ProjectConfigurationPlatforms) = postSolution
		{0B7611CB-4EE3-4ACB-AC3F-99B44B4051D7}.Debug|Any CPU.ActiveCfg = Debug|Any CPU
		{0B7611CB-4EE3-4ACB-AC3F-99B44B4051D7}.Debug|Any CPU.Build.0 = Debug|Any CPU
		{0B7611CB-4EE3-4ACB-AC3F-99B44B4051D7}.Release|Any CPU.ActiveCfg = Release|Any CPU
		{0B7611CB-4EE3-4ACB-AC3F-99B44B4051D7}.Release|Any CPU.Build.0 = Release|Any CPU
	EndGlobalSection
	GlobalSection(SolutionProperties) = preSolution
		HideSolutionNode = FALSE
	EndGlobalSection
	GlobalSection(ExtensibilityGlobals) = postSolution
		SolutionGuid = {2CE555CC-95E9-49D5-A9B3-BC6DEAFF343B}
	EndGlobalSection
EndGlobal
